{
	"name": "@fusebit-int/catalog-feed-connector-stackoverflow-connector",
	"version": "7.33.1-alpha.0",
	"lockfileVersion": 1,
	"requires": true,
	"dependencies": {
		"@fusebit-int/framework": {
			"version": "7.33.0",
			"resolved": "https://bruno.us-west-1.dev.fusebit.io/v1/account/acc-d5fdec191e6d41ba/registry/default/npm/@fusebit-int/framework/-/@fusebit-int/framework@7.33.0",
			"integrity": "sha512-zWT7dyZE7g4afmuHwOPsGP+tWoVLCaXeQ1ovOq0WMlqQoboXUmIbSy9j1ljjZSnPFP776CmS5SWscZ5eNcKeeA==",
			"requires": {
				"@koa/router": "^10.1.1",
				"http-errors": "^1.8.0",
				"joi": "^17.4.2",
				"koa": "^2.13.1",
				"node-mocks-http": "^1.10.1",
				"statuses": "^2.0.1",
				"superagent": "^6.1.0",
				"uuid": "^8.3.2"
			},
			"dependencies": {
				"@koa/router": {
					"version": "10.1.1",
					"resolved": "https://registry.npmjs.org/@koa/router/-/router-10.1.1.tgz",
					"integrity": "sha512-ORNjq5z4EmQPriKbR0ER3k4Gh7YGNhWDL7JBW+8wXDrHLbWYKYSJaOJ9aN06npF5tbTxe2JBOsurpJDAvjiXKw==",
					"requires": {
						"debug": "^4.1.1",
						"http-errors": "^1.7.3",
						"koa-compose": "^4.1.0",
						"methods": "^1.1.2",
						"path-to-regexp": "^6.1.0"
					}
				},
				"http-errors": {
					"version": "1.8.1",
					"resolved": "https://registry.npmjs.org/http-errors/-/http-errors-1.8.1.tgz",
					"integrity": "sha512-Kpk9Sm7NmI+RHhnj6OIWDI1d6fIoFAtFt9RLaTMRlg/8w49juAStsrBgp0Dp4OdxdVbRIeKhtCUvoi/RuAhO4g==",
					"requires": {
						"depd": "~1.1.2",
						"inherits": "2.0.4",
						"setprototypeof": "1.2.0",
						"statuses": ">= 1.5.0 < 2",
						"toidentifier": "1.0.1"
					},
					"dependencies": {
						"statuses": {
							"version": "1.5.0",
							"resolved": "https://registry.npmjs.org/statuses/-/statuses-1.5.0.tgz",
							"integrity": "sha1-Fhx9rBd2Wf2YEfQ3cfqZOBR4Yow="
						}
					}
				},
				"joi": {
					"version": "17.5.0",
					"resolved": "https://registry.npmjs.org/joi/-/joi-17.5.0.tgz",
					"integrity": "sha512-R7hR50COp7StzLnDi4ywOXHrBrgNXuUUfJWIR5lPY5Bm/pOD3jZaTwpluUXVLRWcoWZxkrHBBJ5hLxgnlehbdw==",
					"requires": {
						"@hapi/hoek": "^9.0.0",
						"@hapi/topo": "^5.0.0",
						"@sideway/address": "^4.1.3",
						"@sideway/formula": "^3.0.0",
						"@sideway/pinpoint": "^2.0.0"
					}
				},
				"koa": {
					"version": "2.13.4",
					"resolved": "https://registry.npmjs.org/koa/-/koa-2.13.4.tgz",
					"integrity": "sha512-43zkIKubNbnrULWlHdN5h1g3SEKXOEzoAlRsHOTFpnlDu8JlAOZSMJBLULusuXRequboiwJcj5vtYXKB3k7+2g==",
					"requires": {
						"accepts": "^1.3.5",
						"cache-content-type": "^1.0.0",
						"content-disposition": "~0.5.2",
						"content-type": "^1.0.4",
						"cookies": "~0.8.0",
						"debug": "^4.3.2",
						"delegates": "^1.0.0",
						"depd": "^2.0.0",
						"destroy": "^1.0.4",
						"encodeurl": "^1.0.2",
						"escape-html": "^1.0.3",
						"fresh": "~0.5.2",
						"http-assert": "^1.3.0",
						"http-errors": "^1.6.3",
						"is-generator-function": "^1.0.7",
						"koa-compose": "^4.1.0",
						"koa-convert": "^2.0.0",
						"on-finished": "^2.3.0",
						"only": "~0.0.2",
						"parseurl": "^1.3.2",
						"statuses": "^1.5.0",
						"type-is": "^1.6.16",
						"vary": "^1.1.2"
					},
					"dependencies": {
						"depd": {
							"version": "2.0.0",
							"resolved": "https://registry.npmjs.org/depd/-/depd-2.0.0.tgz",
							"integrity": "sha512-g7nH6P6dyDioJogAAGprGpCtVImJhpPk/roCzdb3fIh61/s/nPsfR6onyMwkCAR/OlC3yBC0lESvUoQEAssIrw=="
						},
						"statuses": {
							"version": "1.5.0",
							"resolved": "https://registry.npmjs.org/statuses/-/statuses-1.5.0.tgz",
							"integrity": "sha1-Fhx9rBd2Wf2YEfQ3cfqZOBR4Yow="
						}
					}
				},
				"node-mocks-http": {
					"version": "1.11.0",
					"resolved": "https://registry.npmjs.org/node-mocks-http/-/node-mocks-http-1.11.0.tgz",
					"integrity": "sha512-jS/WzSOcKbOeGrcgKbenZeNhxUNnP36Yw11+hL4TTxQXErGfqYZ+MaYNNvhaTiGIJlzNSqgQkk9j8dSu1YWSuw==",
					"requires": {
						"accepts": "^1.3.7",
						"content-disposition": "^0.5.3",
						"depd": "^1.1.0",
						"fresh": "^0.5.2",
						"merge-descriptors": "^1.0.1",
						"methods": "^1.1.2",
						"mime": "^1.3.4",
						"parseurl": "^1.3.3",
						"range-parser": "^1.2.0",
						"type-is": "^1.6.18"
					}
				},
				"statuses": {
					"version": "2.0.1",
					"resolved": "https://registry.npmjs.org/statuses/-/statuses-2.0.1.tgz",
					"integrity": "sha512-RwNA9Z/7PrK06rYLIzFMlaF+l73iwpzsqRIFgbMLbTcLD6cOao82TaWefPXQvB2fOC4AjuYSEndS7N/mTCbkdQ=="
				},
				"superagent": {
					"version": "6.1.0",
					"resolved": "https://registry.npmjs.org/superagent/-/superagent-6.1.0.tgz",
					"integrity": "sha512-OUDHEssirmplo3F+1HWKUrUjvnQuA+nZI6i/JJBdXb5eq9IyEQwPyPpqND+SSsxf6TygpBEkUjISVRN4/VOpeg==",
					"requires": {
						"component-emitter": "^1.3.0",
						"cookiejar": "^2.1.2",
						"debug": "^4.1.1",
						"fast-safe-stringify": "^2.0.7",
						"form-data": "^3.0.0",
						"formidable": "^1.2.2",
						"methods": "^1.1.2",
						"mime": "^2.4.6",
						"qs": "^6.9.4",
						"readable-stream": "^3.6.0",
						"semver": "^7.3.2"
					},
					"dependencies": {
						"mime": {
							"version": "2.6.0",
							"resolved": "https://registry.npmjs.org/mime/-/mime-2.6.0.tgz",
							"integrity": "sha512-USPkMeET31rOMiarsBNIHZKLGgvKc/LrjofAnBlOttf5ajRvqiRA8QsenbcooctK6d6Ts6aqZXBA+XbkKthiQg=="
						}
					}
				},
				"uuid": {
					"version": "8.3.2",
					"resolved": "https://registry.npmjs.org/uuid/-/uuid-8.3.2.tgz",
					"integrity": "sha512-+NYs2QeMWy+GWFOEm9xnn6HCDp0l7QBD7ml8zLUmJ+93Q5NF0NocErnwkTkXVFNiX3/fpC6afS8Dhb/gz7R7eg=="
				}
			}
		},
		"@fusebit-int/oauth-connector": {
			"version": "7.33.0",
			"resolved": "https://bruno.us-west-1.dev.fusebit.io/v1/account/acc-d5fdec191e6d41ba/registry/default/npm/@fusebit-int/oauth-connector/-/@fusebit-int/oauth-connector@7.33.0",
			"integrity": "sha512-ZC7gcUiVWpRfcwYSTgR/g6DU94n+ts5DfgBQA/ByZO8CFJeiV0Xmb8cj7JJIDnroQlVE4Jq+EAz8gWXljveKqQ==",
			"requires": {
				"superagent": "^6.1.0"
			},
			"dependencies": {
				"mime": {
					"version": "2.6.0",
					"resolved": "https://registry.npmjs.org/mime/-/mime-2.6.0.tgz",
					"integrity": "sha512-USPkMeET31rOMiarsBNIHZKLGgvKc/LrjofAnBlOttf5ajRvqiRA8QsenbcooctK6d6Ts6aqZXBA+XbkKthiQg=="
				},
				"superagent": {
					"version": "6.1.0",
					"resolved": "https://registry.npmjs.org/superagent/-/superagent-6.1.0.tgz",
					"integrity": "sha512-OUDHEssirmplo3F+1HWKUrUjvnQuA+nZI6i/JJBdXb5eq9IyEQwPyPpqND+SSsxf6TygpBEkUjISVRN4/VOpeg==",
					"requires": {
						"component-emitter": "^1.3.0",
						"cookiejar": "^2.1.2",
						"debug": "^4.1.1",
						"fast-safe-stringify": "^2.0.7",
						"form-data": "^3.0.0",
						"formidable": "^1.2.2",
						"methods": "^1.1.2",
						"mime": "^2.4.6",
						"qs": "^6.9.4",
						"readable-stream": "^3.6.0",
						"semver": "^7.3.2"
					}
				}
			}
		},
		"@fusebit-int/stackoverflow-connector": {
			"version": "7.33.0",
			"resolved": "https://bruno.us-west-1.dev.fusebit.io/v1/account/acc-d5fdec191e6d41ba/registry/default/npm/@fusebit-int/stackoverflow-connector/-/@fusebit-int/stackoverflow-connector@7.33.0",
			"integrity": "sha512-vsoHU4jTSQ544xx7SbccBYIMMJB1s3eMKsG5qEGBI2vwWu3wJvhcEPesbzAyfMpFiKTK5sAPeWqBAmT0cUjO9Q==",
			"requires": {
				"@fusebit-int/oauth-connector": "^7.33.0",
				"superagent": "6.1.0"
			},
			"dependencies": {
				"mime": {
					"version": "2.6.0",
					"resolved": "https://registry.npmjs.org/mime/-/mime-2.6.0.tgz",
					"integrity": "sha512-USPkMeET31rOMiarsBNIHZKLGgvKc/LrjofAnBlOttf5ajRvqiRA8QsenbcooctK6d6Ts6aqZXBA+XbkKthiQg=="
				},
				"superagent": {
					"version": "6.1.0",
					"resolved": "https://registry.npmjs.org/superagent/-/superagent-6.1.0.tgz",
					"integrity": "sha512-OUDHEssirmplo3F+1HWKUrUjvnQuA+nZI6i/JJBdXb5eq9IyEQwPyPpqND+SSsxf6TygpBEkUjISVRN4/VOpeg==",
					"requires": {
						"component-emitter": "^1.3.0",
						"cookiejar": "^2.1.2",
						"debug": "^4.1.1",
						"fast-safe-stringify": "^2.0.7",
						"form-data": "^3.0.0",
						"formidable": "^1.2.2",
						"methods": "^1.1.2",
						"mime": "^2.4.6",
						"qs": "^6.9.4",
						"readable-stream": "^3.6.0",
						"semver": "^7.3.2"
					}
				}
			}
		},
		"@hapi/hoek": {
			"version": "9.2.1",
			"resolved": "https://registry.npmjs.org/@hapi/hoek/-/hoek-9.2.1.tgz",
			"integrity": "sha512-gfta+H8aziZsm8pZa0vj04KO6biEiisppNgA1kbJvFrrWu9Vm7eaUEy76DIxsuTaWvti5fkJVhllWc6ZTE+Mdw=="
		},
		"@hapi/topo": {
			"version": "5.1.0",
			"resolved": "https://registry.npmjs.org/@hapi/topo/-/topo-5.1.0.tgz",
			"integrity": "sha512-foQZKJig7Ob0BMAYBfcJk8d77QtOe7Wo4ox7ff1lQYoNNAb6jwcY1ncdoy2e9wQZzvNy7ODZCYJkK8kzmcAnAg==",
			"requires": {
				"@hapi/hoek": "^9.0.0"
			}
		},
		"@sideway/address": {
			"version": "4.1.3",
			"resolved": "https://registry.npmjs.org/@sideway/address/-/address-4.1.3.tgz",
			"integrity": "sha512-8ncEUtmnTsMmL7z1YPB47kPUq7LpKWJNFPsRzHiIajGC5uXlWGn+AmkYPcHNl8S4tcEGx+cnORnNYaw2wvL+LQ==",
			"requires": {
				"@hapi/hoek": "^9.0.0"
			}
		},
		"@sideway/formula": {
			"version": "3.0.0",
			"resolved": "https://registry.npmjs.org/@sideway/formula/-/formula-3.0.0.tgz",
			"integrity": "sha512-vHe7wZ4NOXVfkoRb8T5otiENVlT7a3IAiw7H5M2+GO+9CDgcVUUsX1zalAztCmwyOr2RUTGJdgB+ZvSVqmdHmg=="
		},
		"@sideway/pinpoint": {
			"version": "2.0.0",
			"resolved": "https://registry.npmjs.org/@sideway/pinpoint/-/pinpoint-2.0.0.tgz",
			"integrity": "sha512-RNiOoTPkptFtSVzQevY/yWtZwf/RxyVnPy/OcA9HBM3MlGDnBEYL5B41H0MTn0Uec8Hi+2qUtTfG2WWZBmMejQ=="
		},
		"accepts": {
			"version": "1.3.7",
			"resolved": "https://registry.npmjs.org/accepts/-/accepts-1.3.7.tgz",
			"integrity": "sha512-Il80Qs2WjYlJIBNzNkK6KYqlVMTbZLXgHx2oT0pU/fjRHyEp+PEfEPY0R3WCwAGVOtauxh1hOxNgIf5bv7dQpA==",
			"requires": {
				"mime-types": "~2.1.24",
				"negotiator": "0.6.2"
			}
		},
		"asynckit": {
			"version": "0.4.0",
			"resolved": "https://registry.npmjs.org/asynckit/-/asynckit-0.4.0.tgz",
			"integrity": "sha1-x57Zf380y48robyXkLzDZkdLS3k="
		},
		"cache-content-type": {
			"version": "1.0.1",
			"resolved": "https://registry.npmjs.org/cache-content-type/-/cache-content-type-1.0.1.tgz",
			"integrity": "sha512-IKufZ1o4Ut42YUrZSo8+qnMTrFuKkvyoLXUywKz9GJ5BrhOFGhLdkx9sG4KAnVvbY6kEcSFjLQul+DVmBm2bgA==",
			"requires": {
				"mime-types": "^2.1.18",
				"ylru": "^1.2.0"
			}
		},
		"call-bind": {
			"version": "1.0.2",
			"resolved": "https://registry.npmjs.org/call-bind/-/call-bind-1.0.2.tgz",
			"integrity": "sha512-7O+FbCihrB5WGbFYesctwmTKae6rOiIzmz1icreWJ+0aA7LJfuqhEso2T9ncpcFtzMQtzXf2QGGueWJGTYsqrA==",
			"requires": {
				"function-bind": "^1.1.1",
				"get-intrinsic": "^1.0.2"
			}
		},
		"co": {
			"version": "4.6.0",
			"resolved": "https://registry.npmjs.org/co/-/co-4.6.0.tgz",
			"integrity": "sha1-bqa989hTrlTMuOR7+gvz+QMfsYQ="
		},
		"combined-stream": {
			"version": "1.0.8",
			"resolved": "https://registry.npmjs.org/combined-stream/-/combined-stream-1.0.8.tgz",
			"integrity": "sha512-FQN4MRfuJeHf7cBbBMJFXhKSDq+2kAArBlmRBvcvFE5BB1HZKXtSFASDhdlz9zOYwxh8lDdnvmMOe/+5cdoEdg==",
			"requires": {
				"delayed-stream": "~1.0.0"
			}
		},
		"component-emitter": {
			"version": "1.3.0",
			"resolved": "https://registry.npmjs.org/component-emitter/-/component-emitter-1.3.0.tgz",
			"integrity": "sha512-Rd3se6QB+sO1TwqZjscQrurpEPIfO0/yYnSin6Q/rD3mOutHvUrCAhJub3r90uNb+SESBuE0QYoB90YdfatsRg=="
		},
		"content-disposition": {
			"version": "0.5.4",
			"resolved": "https://registry.npmjs.org/content-disposition/-/content-disposition-0.5.4.tgz",
			"integrity": "sha512-FveZTNuGw04cxlAiWbzi6zTAL/lhehaWbTtgluJh4/E95DqMwTmha3KZN1aAWA8cFIhHzMZUvLevkw5Rqk+tSQ==",
			"requires": {
				"safe-buffer": "5.2.1"
			}
		},
		"content-type": {
			"version": "1.0.4",
			"resolved": "https://registry.npmjs.org/content-type/-/content-type-1.0.4.tgz",
			"integrity": "sha512-hIP3EEPs8tB9AT1L+NUqtwOAps4mk2Zob89MWXMHjHWg9milF/j4osnnQLXBCBFBk/tvIG/tUc9mOUJiPBhPXA=="
		},
		"cookiejar": {
			"version": "2.1.3",
			"resolved": "https://registry.npmjs.org/cookiejar/-/cookiejar-2.1.3.tgz",
			"integrity": "sha512-JxbCBUdrfr6AQjOXrxoTvAMJO4HBTUIlBzslcJPAz+/KT8yk53fXun51u+RenNYvad/+Vc2DIz5o9UxlCDymFQ=="
		},
		"cookies": {
			"version": "0.8.0",
			"resolved": "https://registry.npmjs.org/cookies/-/cookies-0.8.0.tgz",
			"integrity": "sha512-8aPsApQfebXnuI+537McwYsDtjVxGm8gTIzQI3FDW6t5t/DAhERxtnbEPN/8RX+uZthoz4eCOgloXaE5cYyNow==",
			"requires": {
				"depd": "~2.0.0",
				"keygrip": "~1.1.0"
			},
			"dependencies": {
				"depd": {
					"version": "2.0.0",
					"resolved": "https://registry.npmjs.org/depd/-/depd-2.0.0.tgz",
					"integrity": "sha512-g7nH6P6dyDioJogAAGprGpCtVImJhpPk/roCzdb3fIh61/s/nPsfR6onyMwkCAR/OlC3yBC0lESvUoQEAssIrw=="
				}
			}
		},
		"debug": {
			"version": "4.3.3",
			"resolved": "https://registry.npmjs.org/debug/-/debug-4.3.3.tgz",
			"integrity": "sha512-/zxw5+vh1Tfv+4Qn7a5nsbcJKPaSvCDhojn6FEl9vupwK2VCSDtEiEtqr8DFtzYFOdz63LBkxec7DYuc2jon6Q==",
			"requires": {
				"ms": "2.1.2"
			}
		},
		"deep-equal": {
			"version": "1.0.1",
			"resolved": "https://registry.npmjs.org/deep-equal/-/deep-equal-1.0.1.tgz",
			"integrity": "sha1-9dJgKStmDghO/0zbyfCK0yR0SLU="
		},
		"delayed-stream": {
			"version": "1.0.0",
			"resolved": "https://registry.npmjs.org/delayed-stream/-/delayed-stream-1.0.0.tgz",
			"integrity": "sha1-3zrhmayt+31ECqrgsp4icrJOxhk="
		},
		"delegates": {
			"version": "1.0.0",
			"resolved": "https://registry.npmjs.org/delegates/-/delegates-1.0.0.tgz",
			"integrity": "sha1-hMbhWbgZBP3KWaDvRM2HDTElD5o="
		},
		"depd": {
			"version": "1.1.2",
			"resolved": "https://registry.npmjs.org/depd/-/depd-1.1.2.tgz",
			"integrity": "sha1-m81S4UwJd2PnSbJ0xDRu0uVgtak="
		},
		"destroy": {
			"version": "1.0.4",
			"resolved": "https://registry.npmjs.org/destroy/-/destroy-1.0.4.tgz",
			"integrity": "sha1-l4hXRCxEdJ5CBmE+N5RiBYJqvYA="
		},
		"ee-first": {
			"version": "1.1.1",
			"resolved": "https://registry.npmjs.org/ee-first/-/ee-first-1.1.1.tgz",
			"integrity": "sha1-WQxhFWsK4vTwJVcyoViyZrxWsh0="
		},
		"encodeurl": {
			"version": "1.0.2",
			"resolved": "https://registry.npmjs.org/encodeurl/-/encodeurl-1.0.2.tgz",
			"integrity": "sha1-rT/0yG7C0CkyL1oCw6mmBslbP1k="
		},
		"escape-html": {
			"version": "1.0.3",
			"resolved": "https://registry.npmjs.org/escape-html/-/escape-html-1.0.3.tgz",
			"integrity": "sha1-Aljq5NPQwJdN4cFpGI7wBR0dGYg="
		},
		"fast-safe-stringify": {
			"version": "2.1.1",
			"resolved": "https://registry.npmjs.org/fast-safe-stringify/-/fast-safe-stringify-2.1.1.tgz",
			"integrity": "sha512-W+KJc2dmILlPplD/H4K9l9LcAHAfPtP6BY84uVLXQ6Evcz9Lcg33Y2z1IVblT6xdY54PXYVHEv+0Wpq8Io6zkA=="
		},
		"form-data": {
			"version": "3.0.1",
			"resolved": "https://registry.npmjs.org/form-data/-/form-data-3.0.1.tgz",
			"integrity": "sha512-RHkBKtLWUVwd7SqRIvCZMEvAMoGUp0XU+seQiZejj0COz3RI3hWP4sCv3gZWWLjJTd7rGwcsF5eKZGii0r/hbg==",
			"requires": {
				"asynckit": "^0.4.0",
				"combined-stream": "^1.0.8",
				"mime-types": "^2.1.12"
			}
		},
		"formidable": {
			"version": "1.2.6",
			"resolved": "https://registry.npmjs.org/formidable/-/formidable-1.2.6.tgz",
			"integrity": "sha512-KcpbcpuLNOwrEjnbpMC0gS+X8ciDoZE1kkqzat4a8vrprf+s9pKNQ/QIwWfbfs4ltgmFl3MD177SNTkve3BwGQ=="
		},
		"fresh": {
			"version": "0.5.2",
			"resolved": "https://registry.npmjs.org/fresh/-/fresh-0.5.2.tgz",
			"integrity": "sha1-PYyt2Q2XZWn6g1qx+OSyOhBWBac="
		},
		"function-bind": {
			"version": "1.1.1",
			"resolved": "https://registry.npmjs.org/function-bind/-/function-bind-1.1.1.tgz",
			"integrity": "sha512-yIovAzMX49sF8Yl58fSCWJ5svSLuaibPxXQJFLmBObTuCr0Mf1KiPopGM9NiFjiYBCbfaa2Fh6breQ6ANVTI0A=="
		},
		"get-intrinsic": {
			"version": "1.1.1",
			"resolved": "https://registry.npmjs.org/get-intrinsic/-/get-intrinsic-1.1.1.tgz",
			"integrity": "sha512-kWZrnVM42QCiEA2Ig1bG8zjoIMOgxWwYCEeNdwY6Tv/cOSeGpcoX4pXHfKUxNKVoArnrEr2e9srnAxxGIraS9Q==",
			"requires": {
				"function-bind": "^1.1.1",
				"has": "^1.0.3",
				"has-symbols": "^1.0.1"
			}
		},
		"has": {
			"version": "1.0.3",
			"resolved": "https://registry.npmjs.org/has/-/has-1.0.3.tgz",
			"integrity": "sha512-f2dvO0VU6Oej7RkWJGrehjbzMAjFp5/VKPp5tTpWIV4JHHZK1/BxbFRtf/siA2SWTe09caDmVtYYzWEIbBS4zw==",
			"requires": {
				"function-bind": "^1.1.1"
			}
		},
		"has-symbols": {
			"version": "1.0.2",
			"resolved": "https://registry.npmjs.org/has-symbols/-/has-symbols-1.0.2.tgz",
			"integrity": "sha512-chXa79rL/UC2KlX17jo3vRGz0azaWEx5tGqZg5pO3NUyEJVB17dMruQlzCCOfUvElghKcm5194+BCRvi2Rv/Gw=="
		},
		"has-tostringtag": {
			"version": "1.0.0",
			"resolved": "https://registry.npmjs.org/has-tostringtag/-/has-tostringtag-1.0.0.tgz",
			"integrity": "sha512-kFjcSNhnlGV1kyoGk7OXKSawH5JOb/LzUc5w9B02hOTO0dfFRjbHQKvg1d6cf3HbeUmtU9VbbV3qzZ2Teh97WQ==",
			"requires": {
				"has-symbols": "^1.0.2"
			}
		},
		"http-assert": {
			"version": "1.5.0",
			"resolved": "https://registry.npmjs.org/http-assert/-/http-assert-1.5.0.tgz",
			"integrity": "sha512-uPpH7OKX4H25hBmU6G1jWNaqJGpTXxey+YOUizJUAgu0AjLUeC8D73hTrhvDS5D+GJN1DN1+hhc/eF/wpxtp0w==",
			"requires": {
				"deep-equal": "~1.0.1",
				"http-errors": "~1.8.0"
			},
			"dependencies": {
				"http-errors": {
					"version": "1.8.1",
					"resolved": "https://registry.npmjs.org/http-errors/-/http-errors-1.8.1.tgz",
					"integrity": "sha512-Kpk9Sm7NmI+RHhnj6OIWDI1d6fIoFAtFt9RLaTMRlg/8w49juAStsrBgp0Dp4OdxdVbRIeKhtCUvoi/RuAhO4g==",
					"requires": {
						"depd": "~1.1.2",
						"inherits": "2.0.4",
						"setprototypeof": "1.2.0",
						"statuses": ">= 1.5.0 < 2",
						"toidentifier": "1.0.1"
					}
				},
				"statuses": {
					"version": "1.5.0",
					"resolved": "https://registry.npmjs.org/statuses/-/statuses-1.5.0.tgz",
					"integrity": "sha1-Fhx9rBd2Wf2YEfQ3cfqZOBR4Yow="
				}
			}
		},
		"inherits": {
			"version": "2.0.4",
			"resolved": "https://registry.npmjs.org/inherits/-/inherits-2.0.4.tgz",
			"integrity": "sha512-k/vGaX4/Yla3WzyMCvTQOXYeIHvqOKtnqBduzTHpzpQZzAskKMhZ2K+EnBiSM9zGSoIFeMpXKxa4dYeZIQqewQ=="
		},
		"is-generator-function": {
			"version": "1.0.10",
			"resolved": "https://registry.npmjs.org/is-generator-function/-/is-generator-function-1.0.10.tgz",
			"integrity": "sha512-jsEjy9l3yiXEQ+PsXdmBwEPcOxaXWLspKdplFUVI9vq1iZgIekeC0L167qeu86czQaxed3q/Uzuw0swL0irL8A==",
			"requires": {
				"has-tostringtag": "^1.0.0"
			}
		},
		"keygrip": {
			"version": "1.1.0",
			"resolved": "https://registry.npmjs.org/keygrip/-/keygrip-1.1.0.tgz",
			"integrity": "sha512-iYSchDJ+liQ8iwbSI2QqsQOvqv58eJCEanyJPJi+Khyu8smkcKSFUCbPwzFcL7YVtZ6eONjqRX/38caJ7QjRAQ==",
			"requires": {
				"tsscmp": "1.0.6"
			}
		},
		"koa-compose": {
			"version": "4.1.0",
			"resolved": "https://registry.npmjs.org/koa-compose/-/koa-compose-4.1.0.tgz",
			"integrity": "sha512-8ODW8TrDuMYvXRwra/Kh7/rJo9BtOfPc6qO8eAfC80CnCvSjSl0bkRM24X6/XBBEyj0v1nRUQ1LyOy3dbqOWXw=="
		},
		"koa-convert": {
			"version": "2.0.0",
			"resolved": "https://registry.npmjs.org/koa-convert/-/koa-convert-2.0.0.tgz",
			"integrity": "sha512-asOvN6bFlSnxewce2e/DK3p4tltyfC4VM7ZwuTuepI7dEQVcvpyFuBcEARu1+Hxg8DIwytce2n7jrZtRlPrARA==",
			"requires": {
				"co": "^4.6.0",
				"koa-compose": "^4.1.0"
			}
		},
		"lru-cache": {
			"version": "6.0.0",
			"resolved": "https://registry.npmjs.org/lru-cache/-/lru-cache-6.0.0.tgz",
			"integrity": "sha512-Jo6dJ04CmSjuznwJSS3pUeWmd/H0ffTlkXXgwZi+eq1UCmqQwCh+eLsYOYCwY991i2Fah4h1BEMCx4qThGbsiA==",
			"requires": {
				"yallist": "^4.0.0"
			}
		},
		"media-typer": {
			"version": "0.3.0",
			"resolved": "https://registry.npmjs.org/media-typer/-/media-typer-0.3.0.tgz",
			"integrity": "sha1-hxDXrwqmJvj/+hzgAWhUUmMlV0g="
		},
		"merge-descriptors": {
			"version": "1.0.1",
			"resolved": "https://registry.npmjs.org/merge-descriptors/-/merge-descriptors-1.0.1.tgz",
			"integrity": "sha1-sAqqVW3YtEVoFQ7J0blT8/kMu2E="
		},
		"methods": {
			"version": "1.1.2",
			"resolved": "https://registry.npmjs.org/methods/-/methods-1.1.2.tgz",
			"integrity": "sha1-VSmk1nZUE07cxSZmVoNbD4Ua/O4="
		},
		"mime": {
			"version": "1.6.0",
			"resolved": "https://registry.npmjs.org/mime/-/mime-1.6.0.tgz",
			"integrity": "sha512-x0Vn8spI+wuJ1O6S7gnbaQg8Pxh4NNHb7KSINmEWKiPE4RKOplvijn+NkmYmmRgP68mc70j2EbeTFRsrswaQeg=="
		},
		"mime-db": {
			"version": "1.51.0",
			"resolved": "https://registry.npmjs.org/mime-db/-/mime-db-1.51.0.tgz",
			"integrity": "sha512-5y8A56jg7XVQx2mbv1lu49NR4dokRnhZYTtL+KGfaa27uq4pSTXkwQkFJl4pkRMyNFz/EtYDSkiiEHx3F7UN6g=="
		},
		"mime-types": {
			"version": "2.1.34",
			"resolved": "https://registry.npmjs.org/mime-types/-/mime-types-2.1.34.tgz",
			"integrity": "sha512-6cP692WwGIs9XXdOO4++N+7qjqv0rqxxVvJ3VHPh/Sc9mVZcQP+ZGhkKiTvWMQRr2tbHkJP/Yn7Y0npb3ZBs4A==",
			"requires": {
				"mime-db": "1.51.0"
			}
		},
		"ms": {
			"version": "2.1.2",
			"resolved": "https://registry.npmjs.org/ms/-/ms-2.1.2.tgz",
			"integrity": "sha512-sGkPx+VjMtmA6MX27oA4FBFELFCZZ4S4XqeGOXCv68tT+jb3vk/RyaKWP0PTKyWtmLSM0b+adUTEvbs1PEaH2w=="
		},
		"negotiator": {
			"version": "0.6.2",
			"resolved": "https://registry.npmjs.org/negotiator/-/negotiator-0.6.2.tgz",
			"integrity": "sha512-hZXc7K2e+PgeI1eDBe/10Ard4ekbfrrqG8Ep+8Jmf4JID2bNg7NvCPOZN+kfF574pFQI7mum2AUqDidoKqcTOw=="
		},
		"object-inspect": {
			"version": "1.12.0",
			"resolved": "https://registry.npmjs.org/object-inspect/-/object-inspect-1.12.0.tgz",
			"integrity": "sha512-Ho2z80bVIvJloH+YzRmpZVQe87+qASmBUKZDWgx9cu+KDrX2ZDH/3tMy+gXbZETVGs2M8YdxObOh7XAtim9Y0g=="
		},
		"on-finished": {
			"version": "2.3.0",
			"resolved": "https://registry.npmjs.org/on-finished/-/on-finished-2.3.0.tgz",
			"integrity": "sha1-IPEzZIGwg811M3mSoWlxqi2QaUc=",
			"requires": {
				"ee-first": "1.1.1"
			}
		},
		"only": {
			"version": "0.0.2",
			"resolved": "https://registry.npmjs.org/only/-/only-0.0.2.tgz",
			"integrity": "sha1-Kv3oTQPlC5qO3EROMGEKcCle37Q="
		},
		"parseurl": {
			"version": "1.3.3",
			"resolved": "https://registry.npmjs.org/parseurl/-/parseurl-1.3.3.tgz",
			"integrity": "sha512-CiyeOxFT/JZyN5m0z9PfXw4SCBJ6Sygz1Dpl0wqjlhDEGGBP1GnsUVEL0p63hoG1fcj3fHynXi9NYO4nWOL+qQ=="
		},
		"path-to-regexp": {
			"version": "6.2.0",
			"resolved": "https://registry.npmjs.org/path-to-regexp/-/path-to-regexp-6.2.0.tgz",
			"integrity": "sha512-f66KywYG6+43afgE/8j/GoiNyygk/bnoCbps++3ErRKsIYkGGupyv07R2Ok5m9i67Iqc+T2g1eAUGUPzWhYTyg=="
		},
		"qs": {
			"version": "6.10.2",
			"resolved": "https://registry.npmjs.org/qs/-/qs-6.10.2.tgz",
			"integrity": "sha512-mSIdjzqznWgfd4pMii7sHtaYF8rx8861hBO80SraY5GT0XQibWZWJSid0avzHGkDIZLImux2S5mXO0Hfct2QCw==",
			"requires": {
				"side-channel": "^1.0.4"
			}
		},
		"range-parser": {
			"version": "1.2.1",
			"resolved": "https://registry.npmjs.org/range-parser/-/range-parser-1.2.1.tgz",
			"integrity": "sha512-Hrgsx+orqoygnmhFbKaHE6c296J+HTAQXoxEF6gNupROmmGJRoyzfG3ccAveqCBrwr/2yxQ5BVd/GTl5agOwSg=="
		},
		"readable-stream": {
			"version": "3.6.0",
			"resolved": "https://registry.npmjs.org/readable-stream/-/readable-stream-3.6.0.tgz",
			"integrity": "sha512-BViHy7LKeTz4oNnkcLJ+lVSL6vpiFeX6/d3oSH8zCW7UxP2onchk+vTGB143xuFjHS3deTgkKoXXymXqymiIdA==",
			"requires": {
				"inherits": "^2.0.3",
				"string_decoder": "^1.1.1",
				"util-deprecate": "^1.0.1"
			}
		},
		"safe-buffer": {
			"version": "5.2.1",
			"resolved": "https://registry.npmjs.org/safe-buffer/-/safe-buffer-5.2.1.tgz",
			"integrity": "sha512-rp3So07KcdmmKbGvgaNxQSJr7bGVSVk5S9Eq1F+ppbRo70+YeaDxkw5Dd8NPN+GD6bjnYm2VuPuCXmpuYvmCXQ=="
		},
		"semver": {
			"version": "7.3.5",
			"resolved": "https://registry.npmjs.org/semver/-/semver-7.3.5.tgz",
			"integrity": "sha512-PoeGJYh8HK4BTO/a9Tf6ZG3veo/A7ZVsYrSA6J8ny9nb3B1VrpkuN+z9OE5wfE5p6H4LchYZsegiQgbJD94ZFQ==",
			"requires": {
				"lru-cache": "^6.0.0"
			}
		},
		"setprototypeof": {
			"version": "1.2.0",
			"resolved": "https://registry.npmjs.org/setprototypeof/-/setprototypeof-1.2.0.tgz",
			"integrity": "sha512-E5LDX7Wrp85Kil5bhZv46j8jOeboKq5JMmYM3gVGdGH8xFpPWXUMsNrlODCrkoxMEeNi/XZIwuRvY4XNwYMJpw=="
		},
		"side-channel": {
			"version": "1.0.4",
			"resolved": "https://registry.npmjs.org/side-channel/-/side-channel-1.0.4.tgz",
			"integrity": "sha512-q5XPytqFEIKHkGdiMIrY10mvLRvnQh42/+GoBlFW3b2LXLE2xxJpZFdm94we0BaoV3RwJyGqg5wS7epxTv0Zvw==",
			"requires": {
				"call-bind": "^1.0.0",
				"get-intrinsic": "^1.0.2",
				"object-inspect": "^1.9.0"
			}
		},
		"string_decoder": {
			"version": "1.3.0",
			"resolved": "https://registry.npmjs.org/string_decoder/-/string_decoder-1.3.0.tgz",
			"integrity": "sha512-hkRX8U1WjJFd8LsDJ2yQ/wWWxaopEsABU1XfkM8A+j0+85JAGppt16cr1Whg6KIbb4okU6Mql6BOj+uup/wKeA==",
			"requires": {
				"safe-buffer": "~5.2.0"
			}
		},
		"toidentifier": {
			"version": "1.0.1",
			"resolved": "https://registry.npmjs.org/toidentifier/-/toidentifier-1.0.1.tgz",
			"integrity": "sha512-o5sSPKEkg/DIQNmH43V0/uerLrpzVedkUh8tGNvaeXpfpuwjKenlSox/2O/BTlZUtEe+JG7s5YhEz608PlAHRA=="
		},
		"tsscmp": {
			"version": "1.0.6",
			"resolved": "https://registry.npmjs.org/tsscmp/-/tsscmp-1.0.6.tgz",
			"integrity": "sha512-LxhtAkPDTkVCMQjt2h6eBVY28KCjikZqZfMcC15YBeNjkgUpdCfBu5HoiOTDu86v6smE8yOjyEktJ8hlbANHQA=="
		},
		"type-is": {
			"version": "1.6.18",
			"resolved": "https://registry.npmjs.org/type-is/-/type-is-1.6.18.tgz",
			"integrity": "sha512-TkRKr9sUTxEH8MdfuCSP7VizJyzRNMjj2J2do2Jr3Kym598JVdEksuzPQCnlFPW4ky9Q+iA+ma9BGm06XQBy8g==",
			"requires": {
				"media-typer": "0.3.0",
				"mime-types": "~2.1.24"
			}
		},
		"util-deprecate": {
			"version": "1.0.2",
			"resolved": "https://registry.npmjs.org/util-deprecate/-/util-deprecate-1.0.2.tgz",
			"integrity": "sha1-RQ1Nyfpw3nMnYvvS1KKJgUGaDM8="
		},
		"vary": {
			"version": "1.1.2",
			"resolved": "https://registry.npmjs.org/vary/-/vary-1.1.2.tgz",
			"integrity": "sha1-IpnwLG3tMNSllhsLn3RSShj2NPw="
		},
		"yallist": {
			"version": "4.0.0",
			"resolved": "https://registry.npmjs.org/yallist/-/yallist-4.0.0.tgz",
			"integrity": "sha512-3wdGidZyq5PB084XLES5TpOSRA3wjXAlIWMhum2kRcv/41Sn2emQ0dycQW4uZXLejwKvg6EsvbdlVL+FYEct7A=="
		},
		"ylru": {
			"version": "1.2.1",
			"resolved": "https://registry.npmjs.org/ylru/-/ylru-1.2.1.tgz",
			"integrity": "sha512-faQrqNMzcPCHGVC2aaOINk13K+aaBDUPjGWl0teOXywElLjyVAB6Oe2jj62jHYtwsU49jXhScYbvPENK+6zAvQ=="
		}
	}
}
