{
	"name": "@fusebit-int/catalog-feed-integration-linkedin-integration",
	"version": "7.41.0",
	"lockfileVersion": 1,
	"requires": true,
	"dependencies": {
		"@fusebit-int/linkedin-provider": {
			"version": "7.41.0",
			"resolved": "https://api.us-west-1.on.fusebit.io/v1/account/acc-1525a4d4e363498d/registry/default/npm/@fusebit-int/linkedin-provider/-/@fusebit-int/linkedin-provider@7.41.0",
			"integrity": "sha512-Xla3qnwbzolTcmqC6XAtb8QdIlNqMRcCqMLKYar1nFZoGNKi6gnZ5GcUTLKtK6FKZkJgnzgNPVef8h4YaZYneg=="
		}
	}
}
